Microsoft Visual Studio Solution File, Format Version 12.00
# Visual Studio Version 17
VisualStudioVersion = 17.5.2.0
MinimumVisualStudioVersion = 10.0.40219.1
Project("{FAE04EC0-301F-11D3-BF4B-00C04F79EFBC}") = "DesafioFast", "DesafioFast.csproj", "{21169773-CF47-E4A1-9E5C-44DFE6937D95}"
EndProject
Global
	GlobalSection(SolutionConfigurationPlatforms) = preSolution
		Debug|Any CPU = Debug|Any CPU
		Release|Any CPU = Release|Any CPU
	EndGlobalSection
	GlobalSection(ProjectConfigurationPlatforms) = postSolution
		{21169773-CF47-E4A1-9E5C-44DFE6937D95}.Debug|Any CPU.ActiveCfg = Debug|Any CPU
		{21169773-CF47-E4A1-9E5C-44DFE6937D95}.Debug|Any CPU.Build.0 = Debug|Any CPU
		{21169773-CF47-E4A1-9E5C-44DFE6937D95}.Release|Any CPU.ActiveCfg = Release|Any CPU
		{21169773-CF47-E4A1-9E5C-44DFE6937D95}.Release|Any CPU.Build.0 = Release|Any CPU
	EndGlobalSection
	GlobalSection(SolutionProperties) = preSolution
		HideSolutionNode = FALSE
	EndGlobalSection
	GlobalSection(ExtensibilityGlobals) = postSolution
		SolutionGuid = {3B2872BF-D30C-47DF-BAB0-AA30E250AE6E}
	EndGlobalSection
EndGlobal
